
Microsoft Visual Studio Solution File, Format Version 12.00
# Visual Studio Version 16
VisualStudioVersion = 16.0.28729.10
MinimumVisualStudioVersion = 10.0.40219.1
Project("{FAE04EC0-301F-11D3-BF4B-00C04F79EFBC}") = "PersonalDetailsConsoleApp", "PersonalDetailsConsoleApp.csproj", "{AA4DA9FE-3DA3-42C6-9CE7-A44172F7920D}"
EndProject
Global
	GlobalSection(SolutionConfigurationPlatforms) = preSolution
		Debug|Any CPU = Debug|Any CPU
		Release|Any CPU = Release|Any CPU
	EndGlobalSection
	GlobalSection(ProjectConfigurationPlatforms) = postSolution
		{AA4DA9FE-3DA3-42C6-9CE7-A44172F7920D}.Debug|Any CPU.ActiveCfg = Debug|Any CPU
		{AA4DA9FE-3DA3-42C6-9CE7-A44172F7920D}.Debug|Any CPU.Build.0 = Debug|Any CPU
		{AA4DA9FE-3DA3-42C6-9CE7-A44172F7920D}.Release|Any CPU.ActiveCfg = Release|Any CPU
		{AA4DA9FE-3DA3-42C6-9CE7-A44172F7920D}.Release|Any CPU.Build.0 = Release|Any CPU
	EndGlobalSection
	GlobalSection(SolutionProperties) = preSolution
		HideSolutionNode = FALSE
	EndGlobalSection
	GlobalSection(ExtensibilityGlobals) = postSolution
		SolutionGuid = {B0A3DDD2-0F07-4ADE-A822-D0B1DE14D042}
	EndGlobalSection
EndGlobal
